
Microsoft Visual Studio Solution File, Format Version 12.00
# Visual Studio 15
VisualStudioVersion = 15.0.26124.0
MinimumVisualStudioVersion = 15.0.26124.0
Project("{2150E333-8FDC-42A3-9474-1A3956D46DE8}") = "src", "src", "{BD2879FE-CBDB-456F-8756-E007B8640C2C}"
EndProject
Project("{2150E333-8FDC-42A3-9474-1A3956D46DE8}") = "DNA", "DNA", "{A2B976A6-3BC9-4DB6-B639-D9847D313169}"
EndProject
Project("{FAE04EC0-301F-11D3-BF4B-00C04F79EFBC}") = "corlib", "src\DNA\corlib\corlib.csproj", "{375189F2-1F71-4B20-A00C-C75B47FE441D}"
EndProject
Project("{FAE04EC0-301F-11D3-BF4B-00C04F79EFBC}") = "JS.Interop", "src\JS.Interop\JS.Interop.csproj", "{F7060A5F-E6A0-4446-937E-A7F9A96DD1F9}"
EndProject
Project("{F2A71F9B-5D33-465A-A702-920D77279786}") = "FSharp.Core", "src\FSharp.Core\FSharp.Core.fsproj", "{CCB6D35B-5DA4-42B8-9A4B-14330089E734}"
EndProject
Project("{FAE04EC0-301F-11D3-BF4B-00C04F79EFBC}") = "libcs", "src\libcs\libcs.csproj", "{4BC1DE5C-E897-43D2-8E94-617201FDBC50}"
EndProject
Project("{F2A71F9B-5D33-465A-A702-920D77279786}") = "libfs", "src\libfs\libfs.fsproj", "{D05F33ED-8A65-499A-88A9-3E74E6E7E251}"
EndProject
Project("{FAE04EC0-301F-11D3-BF4B-00C04F79EFBC}") = "appcs", "src\appcs\appcs.csproj", "{91374699-2C4E-44AA-9E81-789595061C95}"
EndProject
Project("{F2A71F9B-5D33-465A-A702-920D77279786}") = "appfs", "src\appfs\appfs.fsproj", "{CE720851-4583-48C2-9493-DF1E8F86527C}"
EndProject
Global
	GlobalSection(SolutionConfigurationPlatforms) = preSolution
		Debug|Any CPU = Debug|Any CPU
		Debug|x64 = Debug|x64
		Debug|x86 = Debug|x86
		Release|Any CPU = Release|Any CPU
		Release|x64 = Release|x64
		Release|x86 = Release|x86
	EndGlobalSection
	GlobalSection(SolutionProperties) = preSolution
		HideSolutionNode = FALSE
	EndGlobalSection
	GlobalSection(ProjectConfigurationPlatforms) = postSolution
		{375189F2-1F71-4B20-A00C-C75B47FE441D}.Debug|Any CPU.ActiveCfg = Debug|Any CPU
		{375189F2-1F71-4B20-A00C-C75B47FE441D}.Debug|Any CPU.Build.0 = Debug|Any CPU
		{375189F2-1F71-4B20-A00C-C75B47FE441D}.Debug|x64.ActiveCfg = Debug|x64
		{375189F2-1F71-4B20-A00C-C75B47FE441D}.Debug|x64.Build.0 = Debug|x64
		{375189F2-1F71-4B20-A00C-C75B47FE441D}.Debug|x86.ActiveCfg = Debug|x86
		{375189F2-1F71-4B20-A00C-C75B47FE441D}.Debug|x86.Build.0 = Debug|x86
		{375189F2-1F71-4B20-A00C-C75B47FE441D}.Release|Any CPU.ActiveCfg = Release|Any CPU
		{375189F2-1F71-4B20-A00C-C75B47FE441D}.Release|Any CPU.Build.0 = Release|Any CPU
		{375189F2-1F71-4B20-A00C-C75B47FE441D}.Release|x64.ActiveCfg = Release|x64
		{375189F2-1F71-4B20-A00C-C75B47FE441D}.Release|x64.Build.0 = Release|x64
		{375189F2-1F71-4B20-A00C-C75B47FE441D}.Release|x86.ActiveCfg = Release|x86
		{375189F2-1F71-4B20-A00C-C75B47FE441D}.Release|x86.Build.0 = Release|x86
		{F7060A5F-E6A0-4446-937E-A7F9A96DD1F9}.Debug|Any CPU.ActiveCfg = Debug|Any CPU
		{F7060A5F-E6A0-4446-937E-A7F9A96DD1F9}.Debug|Any CPU.Build.0 = Debug|Any CPU
		{F7060A5F-E6A0-4446-937E-A7F9A96DD1F9}.Debug|x64.ActiveCfg = Debug|x64
		{F7060A5F-E6A0-4446-937E-A7F9A96DD1F9}.Debug|x64.Build.0 = Debug|x64
		{F7060A5F-E6A0-4446-937E-A7F9A96DD1F9}.Debug|x86.ActiveCfg = Debug|x86
		{F7060A5F-E6A0-4446-937E-A7F9A96DD1F9}.Debug|x86.Build.0 = Debug|x86
		{F7060A5F-E6A0-4446-937E-A7F9A96DD1F9}.Release|Any CPU.ActiveCfg = Release|Any CPU
		{F7060A5F-E6A0-4446-937E-A7F9A96DD1F9}.Release|Any CPU.Build.0 = Release|Any CPU
		{F7060A5F-E6A0-4446-937E-A7F9A96DD1F9}.Release|x64.ActiveCfg = Release|x64
		{F7060A5F-E6A0-4446-937E-A7F9A96DD1F9}.Release|x64.Build.0 = Release|x64
		{F7060A5F-E6A0-4446-937E-A7F9A96DD1F9}.Release|x86.ActiveCfg = Release|x86
		{F7060A5F-E6A0-4446-937E-A7F9A96DD1F9}.Release|x86.Build.0 = Release|x86
		{CCB6D35B-5DA4-42B8-9A4B-14330089E734}.Debug|Any CPU.ActiveCfg = Debug|Any CPU
		{CCB6D35B-5DA4-42B8-9A4B-14330089E734}.Debug|Any CPU.Build.0 = Debug|Any CPU
		{CCB6D35B-5DA4-42B8-9A4B-14330089E734}.Debug|x64.ActiveCfg = Debug|x64
		{CCB6D35B-5DA4-42B8-9A4B-14330089E734}.Debug|x64.Build.0 = Debug|x64
		{CCB6D35B-5DA4-42B8-9A4B-14330089E734}.Debug|x86.ActiveCfg = Debug|x86
		{CCB6D35B-5DA4-42B8-9A4B-14330089E734}.Debug|x86.Build.0 = Debug|x86
		{CCB6D35B-5DA4-42B8-9A4B-14330089E734}.Release|Any CPU.ActiveCfg = Release|Any CPU
		{CCB6D35B-5DA4-42B8-9A4B-14330089E734}.Release|Any CPU.Build.0 = Release|Any CPU
		{CCB6D35B-5DA4-42B8-9A4B-14330089E734}.Release|x64.ActiveCfg = Release|x64
		{CCB6D35B-5DA4-42B8-9A4B-14330089E734}.Release|x64.Build.0 = Release|x64
		{CCB6D35B-5DA4-42B8-9A4B-14330089E734}.Release|x86.ActiveCfg = Release|x86
		{CCB6D35B-5DA4-42B8-9A4B-14330089E734}.Release|x86.Build.0 = Release|x86
		{4BC1DE5C-E897-43D2-8E94-617201FDBC50}.Debug|Any CPU.ActiveCfg = Debug|Any CPU
		{4BC1DE5C-E897-43D2-8E94-617201FDBC50}.Debug|Any CPU.Build.0 = Debug|Any CPU
		{4BC1DE5C-E897-43D2-8E94-617201FDBC50}.Debug|x64.ActiveCfg = Debug|x64
		{4BC1DE5C-E897-43D2-8E94-617201FDBC50}.Debug|x64.Build.0 = Debug|x64
		{4BC1DE5C-E897-43D2-8E94-617201FDBC50}.Debug|x86.ActiveCfg = Debug|x86
		{4BC1DE5C-E897-43D2-8E94-617201FDBC50}.Debug|x86.Build.0 = Debug|x86
		{4BC1DE5C-E897-43D2-8E94-617201FDBC50}.Release|Any CPU.ActiveCfg = Release|Any CPU
		{4BC1DE5C-E897-43D2-8E94-617201FDBC50}.Release|Any CPU.Build.0 = Release|Any CPU
		{4BC1DE5C-E897-43D2-8E94-617201FDBC50}.Release|x64.ActiveCfg = Release|x64
		{4BC1DE5C-E897-43D2-8E94-617201FDBC50}.Release|x64.Build.0 = Release|x64
		{4BC1DE5C-E897-43D2-8E94-617201FDBC50}.Release|x86.ActiveCfg = Release|x86
		{4BC1DE5C-E897-43D2-8E94-617201FDBC50}.Release|x86.Build.0 = Release|x86
		{D05F33ED-8A65-499A-88A9-3E74E6E7E251}.Debug|Any CPU.ActiveCfg = Debug|Any CPU
		{D05F33ED-8A65-499A-88A9-3E74E6E7E251}.Debug|Any CPU.Build.0 = Debug|Any CPU
		{D05F33ED-8A65-499A-88A9-3E74E6E7E251}.Debug|x64.ActiveCfg = Debug|x64
		{D05F33ED-8A65-499A-88A9-3E74E6E7E251}.Debug|x64.Build.0 = Debug|x64
		{D05F33ED-8A65-499A-88A9-3E74E6E7E251}.Debug|x86.ActiveCfg = Debug|x86
		{D05F33ED-8A65-499A-88A9-3E74E6E7E251}.Debug|x86.Build.0 = Debug|x86
		{D05F33ED-8A65-499A-88A9-3E74E6E7E251}.Release|Any CPU.ActiveCfg = Release|Any CPU
		{D05F33ED-8A65-499A-88A9-3E74E6E7E251}.Release|Any CPU.Build.0 = Release|Any CPU
		{D05F33ED-8A65-499A-88A9-3E74E6E7E251}.Release|x64.ActiveCfg = Release|x64
		{D05F33ED-8A65-499A-88A9-3E74E6E7E251}.Release|x64.Build.0 = Release|x64
		{D05F33ED-8A65-499A-88A9-3E74E6E7E251}.Release|x86.ActiveCfg = Release|x86
		{D05F33ED-8A65-499A-88A9-3E74E6E7E251}.Release|x86.Build.0 = Release|x86
		{91374699-2C4E-44AA-9E81-789595061C95}.Debug|Any CPU.ActiveCfg = Debug|Any CPU
		{91374699-2C4E-44AA-9E81-789595061C95}.Debug|Any CPU.Build.0 = Debug|Any CPU
		{91374699-2C4E-44AA-9E81-789595061C95}.Debug|x64.ActiveCfg = Debug|x64
		{91374699-2C4E-44AA-9E81-789595061C95}.Debug|x64.Build.0 = Debug|x64
		{91374699-2C4E-44AA-9E81-789595061C95}.Debug|x86.ActiveCfg = Debug|x86
		{91374699-2C4E-44AA-9E81-789595061C95}.Debug|x86.Build.0 = Debug|x86
		{91374699-2C4E-44AA-9E81-789595061C95}.Release|Any CPU.ActiveCfg = Release|Any CPU
		{91374699-2C4E-44AA-9E81-789595061C95}.Release|Any CPU.Build.0 = Release|Any CPU
		{91374699-2C4E-44AA-9E81-789595061C95}.Release|x64.ActiveCfg = Release|x64
		{91374699-2C4E-44AA-9E81-789595061C95}.Release|x64.Build.0 = Release|x64
		{91374699-2C4E-44AA-9E81-789595061C95}.Release|x86.ActiveCfg = Release|x86
		{91374699-2C4E-44AA-9E81-789595061C95}.Release|x86.Build.0 = Release|x86
		{CE720851-4583-48C2-9493-DF1E8F86527C}.Debug|Any CPU.ActiveCfg = Debug|Any CPU
		{CE720851-4583-48C2-9493-DF1E8F86527C}.Debug|Any CPU.Build.0 = Debug|Any CPU
		{CE720851-4583-48C2-9493-DF1E8F86527C}.Debug|x64.ActiveCfg = Debug|x64
		{CE720851-4583-48C2-9493-DF1E8F86527C}.Debug|x64.Build.0 = Debug|x64
		{CE720851-4583-48C2-9493-DF1E8F86527C}.Debug|x86.ActiveCfg = Debug|x86
		{CE720851-4583-48C2-9493-DF1E8F86527C}.Debug|x86.Build.0 = Debug|x86
		{CE720851-4583-48C2-9493-DF1E8F86527C}.Release|Any CPU.ActiveCfg = Release|Any CPU
		{CE720851-4583-48C2-9493-DF1E8F86527C}.Release|Any CPU.Build.0 = Release|Any CPU
		{CE720851-4583-48C2-9493-DF1E8F86527C}.Release|x64.ActiveCfg = Release|x64
		{CE720851-4583-48C2-9493-DF1E8F86527C}.Release|x64.Build.0 = Release|x64
		{CE720851-4583-48C2-9493-DF1E8F86527C}.Release|x86.ActiveCfg = Release|x86
		{CE720851-4583-48C2-9493-DF1E8F86527C}.Release|x86.Build.0 = Release|x86
	EndGlobalSection
	GlobalSection(NestedProjects) = preSolution
		{A2B976A6-3BC9-4DB6-B639-D9847D313169} = {BD2879FE-CBDB-456F-8756-E007B8640C2C}
		{375189F2-1F71-4B20-A00C-C75B47FE441D} = {A2B976A6-3BC9-4DB6-B639-D9847D313169}
		{F7060A5F-E6A0-4446-937E-A7F9A96DD1F9} = {BD2879FE-CBDB-456F-8756-E007B8640C2C}
		{CCB6D35B-5DA4-42B8-9A4B-14330089E734} = {BD2879FE-CBDB-456F-8756-E007B8640C2C}
		{4BC1DE5C-E897-43D2-8E94-617201FDBC50} = {BD2879FE-CBDB-456F-8756-E007B8640C2C}
		{D05F33ED-8A65-499A-88A9-3E74E6E7E251} = {BD2879FE-CBDB-456F-8756-E007B8640C2C}
		{91374699-2C4E-44AA-9E81-789595061C95} = {BD2879FE-CBDB-456F-8756-E007B8640C2C}
		{CE720851-4583-48C2-9493-DF1E8F86527C} = {BD2879FE-CBDB-456F-8756-E007B8640C2C}
	EndGlobalSection
EndGlobal
